
Microsoft Visual Studio Solution File, Format Version 12.00
# Visual Studio 16
Project("{FAE04EC0-301F-11D3-BF4B-00C04F79EFBC}") = "Assembly-CSharp", "Assembly-CSharp.csproj", "{12F44184-A422-5F27-22E6-507969043F15}"
EndProject
Project("{FAE04EC0-301F-11D3-BF4B-00C04F79EFBC}") = "Assembly-CSharp-firstpass", "Assembly-CSharp-firstpass.csproj", "{079D398E-4AFC-CD7E-7881-F923D075EBD1}"
EndProject
Project("{FAE04EC0-301F-11D3-BF4B-00C04F79EFBC}") = "Sirenix.OdinInspector.CompatibilityLayer", "Sirenix.OdinInspector.CompatibilityLayer.csproj", "{1B5A91F9-EE8F-5A54-BE3E-0BED3E51CF02}"
EndProject
Project("{FAE04EC0-301F-11D3-BF4B-00C04F79EFBC}") = "Assembly-CSharp-Editor-firstpass", "Assembly-CSharp-Editor-firstpass.csproj", "{2292066C-03A4-5733-4636-43653C20A180}"
EndProject
Project("{FAE04EC0-301F-11D3-BF4B-00C04F79EFBC}") = "Sirenix.OdinInspector.CompatibilityLayer.Editor", "Sirenix.OdinInspector.CompatibilityLayer.Editor.csproj", "{1E7CBD68-6530-767E-511A-7F84C9C91529}"
EndProject
Project("{FAE04EC0-301F-11D3-BF4B-00C04F79EFBC}") = "Assembly-CSharp-Editor", "Assembly-CSharp-Editor.csproj", "{5544F79C-5306-909F-C855-53D6959D5DFD}"
EndProject
Global
	GlobalSection(SolutionConfigurationPlatforms) = preSolution
		Debug|Any CPU = Debug|Any CPU
		Release|Any CPU = Release|Any CPU
	EndGlobalSection
	GlobalSection(ProjectConfigurationPlatforms) = postSolution
		{12F44184-A422-5F27-22E6-507969043F15}.Debug|Any CPU.ActiveCfg = Debug|Any CPU
		{12F44184-A422-5F27-22E6-507969043F15}.Debug|Any CPU.Build.0 = Debug|Any CPU
		{12F44184-A422-5F27-22E6-507969043F15}.Release|Any CPU.ActiveCfg = Release|Any CPU
		{12F44184-A422-5F27-22E6-507969043F15}.Release|Any CPU.Build.0 = Release|Any CPU
		{079D398E-4AFC-CD7E-7881-F923D075EBD1}.Debug|Any CPU.ActiveCfg = Debug|Any CPU
		{079D398E-4AFC-CD7E-7881-F923D075EBD1}.Debug|Any CPU.Build.0 = Debug|Any CPU
		{079D398E-4AFC-CD7E-7881-F923D075EBD1}.Release|Any CPU.ActiveCfg = Release|Any CPU
		{079D398E-4AFC-CD7E-7881-F923D075EBD1}.Release|Any CPU.Build.0 = Release|Any CPU
		{1B5A91F9-EE8F-5A54-BE3E-0BED3E51CF02}.Debug|Any CPU.ActiveCfg = Debug|Any CPU
		{1B5A91F9-EE8F-5A54-BE3E-0BED3E51CF02}.Debug|Any CPU.Build.0 = Debug|Any CPU
		{1B5A91F9-EE8F-5A54-BE3E-0BED3E51CF02}.Release|Any CPU.ActiveCfg = Release|Any CPU
		{1B5A91F9-EE8F-5A54-BE3E-0BED3E51CF02}.Release|Any CPU.Build.0 = Release|Any CPU
		{2292066C-03A4-5733-4636-43653C20A180}.Debug|Any CPU.ActiveCfg = Debug|Any CPU
		{2292066C-03A4-5733-4636-43653C20A180}.Debug|Any CPU.Build.0 = Debug|Any CPU
		{2292066C-03A4-5733-4636-43653C20A180}.Release|Any CPU.ActiveCfg = Release|Any CPU
		{2292066C-03A4-5733-4636-43653C20A180}.Release|Any CPU.Build.0 = Release|Any CPU
		{1E7CBD68-6530-767E-511A-7F84C9C91529}.Debug|Any CPU.ActiveCfg = Debug|Any CPU
		{1E7CBD68-6530-767E-511A-7F84C9C91529}.Debug|Any CPU.Build.0 = Debug|Any CPU
		{1E7CBD68-6530-767E-511A-7F84C9C91529}.Release|Any CPU.ActiveCfg = Release|Any CPU
		{1E7CBD68-6530-767E-511A-7F84C9C91529}.Release|Any CPU.Build.0 = Release|Any CPU
		{5544F79C-5306-909F-C855-53D6959D5DFD}.Debug|Any CPU.ActiveCfg = Debug|Any CPU
		{5544F79C-5306-909F-C855-53D6959D5DFD}.Debug|Any CPU.Build.0 = Debug|Any CPU
		{5544F79C-5306-909F-C855-53D6959D5DFD}.Release|Any CPU.ActiveCfg = Release|Any CPU
		{5544F79C-5306-909F-C855-53D6959D5DFD}.Release|Any CPU.Build.0 = Release|Any CPU
	EndGlobalSection
	GlobalSection(SolutionProperties) = preSolution
		HideSolutionNode = FALSE
	EndGlobalSection
EndGlobal
